// !$*UTF8*$!
{
	archiveVersion = 1;
	classes = {
	};
	objectVersion = 50;
	objects = {

/* Begin PBXBuildFile section */
		3E37AF3429AD789D00F6B787 /* AppDelegate.swift in Sources */ = {isa = PBXBuildFile; fileRef = 3E37AF3329AD789D00F6B787 /* AppDelegate.swift */; };
		3E37AF3629AD789D00F6B787 /* SceneDelegate.swift in Sources */ = {isa = PBXBuildFile; fileRef = 3E37AF3529AD789D00F6B787 /* SceneDelegate.swift */; };
		3E37AF3829AD789D00F6B787 /* ViewController.swift in Sources */ = {isa = PBXBuildFile; fileRef = 3E37AF3729AD789D00F6B787 /* ViewController.swift */; };
		3E37AF3D29AD78A000F6B787 /* Assets.xcassets in Resources */ = {isa = PBXBuildFile; fileRef = 3E37AF3C29AD78A000F6B787 /* Assets.xcassets */; };
		3E37AF4029AD78A000F6B787 /* LaunchScreen.storyboard in Resources */ = {isa = PBXBuildFile; fileRef = 3E37AF3E29AD78A000F6B787 /* LaunchScreen.storyboard */; };
		3E37E14629AD82B70002B0B5 /* CatModel.swift in Sources */ = {isa = PBXBuildFile; fileRef = 3E37E14529AD82B70002B0B5 /* CatModel.swift */; };
		3E37E14A29AD849D0002B0B5 /* NetworkManager.swift in Sources */ = {isa = PBXBuildFile; fileRef = 3E37E14929AD849D0002B0B5 /* NetworkManager.swift */; };
		3E37E14D29AD87190002B0B5 /* CatsViewModel.swift in Sources */ = {isa = PBXBuildFile; fileRef = 3E37E14C29AD87190002B0B5 /* CatsViewModel.swift */; };
		3E37E15029AD90930002B0B5 /* CatTableViewCell.swift in Sources */ = {isa = PBXBuildFile; fileRef = 3E37E14F29AD90930002B0B5 /* CatTableViewCell.swift */; };
		3E94BE8829AD95C1001AC899 /* UIImageView+Extensions.swift in Sources */ = {isa = PBXBuildFile; fileRef = 3E94BE8629AD95C1001AC899 /* UIImageView+Extensions.swift */; };
/* End PBXBuildFile section */

/* Begin PBXFileReference section */
		3E37AF3029AD789D00F6B787 /* The cats app.app */ = {isa = PBXFileReference; explicitFileType = wrapper.application; includeInIndex = 0; path = "The cats app.app"; sourceTree = BUILT_PRODUCTS_DIR; };
		3E37AF3329AD789D00F6B787 /* AppDelegate.swift */ = {isa = PBXFileReference; lastKnownFileType = sourcecode.swift; path = AppDelegate.swift; sourceTree = "<group>"; };
		3E37AF3529AD789D00F6B787 /* SceneDelegate.swift */ = {isa = PBXFileReference; lastKnownFileType = sourcecode.swift; path = SceneDelegate.swift; sourceTree = "<group>"; };
		3E37AF3729AD789D00F6B787 /* ViewController.swift */ = {isa = PBXFileReference; lastKnownFileType = sourcecode.swift; path = ViewController.swift; sourceTree = "<group>"; };
		3E37AF3C29AD78A000F6B787 /* Assets.xcassets */ = {isa = PBXFileReference; lastKnownFileType = folder.assetcatalog; path = Assets.xcassets; sourceTree = "<group>"; };
		3E37AF3F29AD78A000F6B787 /* Base */ = {isa = PBXFileReference; lastKnownFileType = file.storyboard; name = Base; path = Base.lproj/LaunchScreen.storyboard; sourceTree = "<group>"; };
		3E37AF4129AD78A000F6B787 /* Info.plist */ = {isa = PBXFileReference; lastKnownFileType = text.plist.xml; path = Info.plist; sourceTree = "<group>"; };
		3E37E14529AD82B70002B0B5 /* CatModel.swift */ = {isa = PBXFileReference; lastKnownFileType = sourcecode.swift; path = CatModel.swift; sourceTree = "<group>"; };
		3E37E14929AD849D0002B0B5 /* NetworkManager.swift */ = {isa = PBXFileReference; lastKnownFileType = sourcecode.swift; path = NetworkManager.swift; sourceTree = "<group>"; };
		3E37E14C29AD87190002B0B5 /* CatsViewModel.swift */ = {isa = PBXFileReference; lastKnownFileType = sourcecode.swift; path = CatsViewModel.swift; sourceTree = "<group>"; };
		3E37E14F29AD90930002B0B5 /* CatTableViewCell.swift */ = {isa = PBXFileReference; lastKnownFileType = sourcecode.swift; path = CatTableViewCell.swift; sourceTree = "<group>"; };
		3E94BE8629AD95C1001AC899 /* UIImageView+Extensions.swift */ = {isa = PBXFileReference; fileEncoding = 4; lastKnownFileType = sourcecode.swift; path = "UIImageView+Extensions.swift"; sourceTree = "<group>"; };
/* End PBXFileReference section */

/* Begin PBXFrameworksBuildPhase section */
		3E37AF2D29AD789D00F6B787 /* Frameworks */ = {
			isa = PBXFrameworksBuildPhase;
			buildActionMask = 2147483647;
			files = (
			);
			runOnlyForDeploymentPostprocessing = 0;
		};
/* End PBXFrameworksBuildPhase section */

/* Begin PBXGroup section */
		3E37AF2729AD789D00F6B787 = {
			isa = PBXGroup;
			children = (
				3E37AF3229AD789D00F6B787 /* The cats app */,
				3E37AF3129AD789D00F6B787 /* Products */,
			);
			sourceTree = "<group>";
		};
		3E37AF3129AD789D00F6B787 /* Products */ = {
			isa = PBXGroup;
			children = (
				3E37AF3029AD789D00F6B787 /* The cats app.app */,
			);
			name = Products;
			sourceTree = "<group>";
		};
		3E37AF3229AD789D00F6B787 /* The cats app */ = {
			isa = PBXGroup;
			children = (
				3E94BE8429AD9589001AC899 /* Utils */,
				3E37E14429AD825B0002B0B5 /* Files */,
				3E37E14329AD824C0002B0B5 /* Models */,
				3E37E14229AD82420002B0B5 /* ViewModels */,
				3E37E14129AD82390002B0B5 /* Views */,
				3E37E14029AD82210002B0B5 /* Services */,
			);
			path = "The cats app";
			sourceTree = "<group>";
		};
		3E37E14029AD82210002B0B5 /* Services */ = {
			isa = PBXGroup;
			children = (
				3E37E14929AD849D0002B0B5 /* NetworkManager.swift */,
			);
			path = Services;
			sourceTree = "<group>";
		};
		3E37E14129AD82390002B0B5 /* Views */ = {
			isa = PBXGroup;
			children = (
				3E37AF3729AD789D00F6B787 /* ViewController.swift */,
				3E37E14F29AD90930002B0B5 /* CatTableViewCell.swift */,
			);
			path = Views;
			sourceTree = "<group>";
		};
		3E37E14229AD82420002B0B5 /* ViewModels */ = {
			isa = PBXGroup;
			children = (
				3E37E14C29AD87190002B0B5 /* CatsViewModel.swift */,
			);
			path = ViewModels;
			sourceTree = "<group>";
		};
		3E37E14329AD824C0002B0B5 /* Models */ = {
			isa = PBXGroup;
			children = (
				3E37E14529AD82B70002B0B5 /* CatModel.swift */,
			);
			path = Models;
			sourceTree = "<group>";
		};
		3E37E14429AD825B0002B0B5 /* Files */ = {
			isa = PBXGroup;
			children = (
				3E37AF3C29AD78A000F6B787 /* Assets.xcassets */,
				3E37AF3329AD789D00F6B787 /* AppDelegate.swift */,
				3E37AF3529AD789D00F6B787 /* SceneDelegate.swift */,
				3E37AF3E29AD78A000F6B787 /* LaunchScreen.storyboard */,
				3E37AF4129AD78A000F6B787 /* Info.plist */,
			);
			name = Files;
			sourceTree = "<group>";
		};
		3E94BE8429AD9589001AC899 /* Utils */ = {
			isa = PBXGroup;
			children = (
				3E94BE8629AD95C1001AC899 /* UIImageView+Extensions.swift */,
			);
			path = Utils;
			sourceTree = "<group>";
		};
/* End PBXGroup section */

/* Begin PBXNativeTarget section */
		3E37AF2F29AD789D00F6B787 /* The cats app */ = {
			isa = PBXNativeTarget;
			buildConfigurationList = 3E37AF4429AD78A000F6B787 /* Build configuration list for PBXNativeTarget "The cats app" */;
			buildPhases = (
				3E37AF2C29AD789D00F6B787 /* Sources */,
				3E37AF2D29AD789D00F6B787 /* Frameworks */,
				3E37AF2E29AD789D00F6B787 /* Resources */,
			);
			buildRules = (
			);
			dependencies = (
			);
			name = "The cats app";
			productName = "The cats app";
			productReference = 3E37AF3029AD789D00F6B787 /* The cats app.app */;
			productType = "com.apple.product-type.application";
		};
/* End PBXNativeTarget section */

/* Begin PBXProject section */
		3E37AF2829AD789D00F6B787 /* Project object */ = {
			isa = PBXProject;
			attributes = {
				LastSwiftUpdateCheck = 1220;
				LastUpgradeCheck = 1220;
				TargetAttributes = {
					3E37AF2F29AD789D00F6B787 = {
						CreatedOnToolsVersion = 12.2;
					};
				};
			};
			buildConfigurationList = 3E37AF2B29AD789D00F6B787 /* Build configuration list for PBXProject "The cats app" */;
			compatibilityVersion = "Xcode 9.3";
			developmentRegion = en;
			hasScannedForEncodings = 0;
			knownRegions = (
				en,
				Base,
			);
			mainGroup = 3E37AF2729AD789D00F6B787;
			productRefGroup = 3E37AF3129AD789D00F6B787 /* Products */;
			projectDirPath = "";
			projectRoot = "";
			targets = (
				3E37AF2F29AD789D00F6B787 /* The cats app */,
			);
		};
/* End PBXProject section */

/* Begin PBXResourcesBuildPhase section */
		3E37AF2E29AD789D00F6B787 /* Resources */ = {
			isa = PBXResourcesBuildPhase;
			buildActionMask = 2147483647;
			files = (
				3E37AF4029AD78A000F6B787 /* LaunchScreen.storyboard in Resources */,
				3E37AF3D29AD78A000F6B787 /* Assets.xcassets in Resources */,
			);
			runOnlyForDeploymentPostprocessing = 0;
		};
/* End PBXResourcesBuildPhase section */

/* Begin PBXSourcesBuildPhase section */
		3E37AF2C29AD789D00F6B787 /* Sources */ = {
			isa = PBXSourcesBuildPhase;
			buildActionMask = 2147483647;
			files = (
				3E37E15029AD90930002B0B5 /* CatTableViewCell.swift in Sources */,
				3E37AF3829AD789D00F6B787 /* ViewController.swift in Sources */,
				3E37E14D29AD87190002B0B5 /* CatsViewModel.swift in Sources */,
				3E94BE8829AD95C1001AC899 /* UIImageView+Extensions.swift in Sources */,
				3E37AF3429AD789D00F6B787 /* AppDelegate.swift in Sources */,
				3E37E14A29AD849D0002B0B5 /* NetworkManager.swift in Sources */,
				3E37E14629AD82B70002B0B5 /* CatModel.swift in Sources */,
				3E37AF3629AD789D00F6B787 /* SceneDelegate.swift in Sources */,
			);
			runOnlyForDeploymentPostprocessing = 0;
		};
/* End PBXSourcesBuildPhase section */

/* Begin PBXVariantGroup section */
		3E37AF3E29AD78A000F6B787 /* LaunchScreen.storyboard */ = {
			isa = PBXVariantGroup;
			children = (
				3E37AF3F29AD78A000F6B787 /* Base */,
			);
			name = LaunchScreen.storyboard;
			sourceTree = "<group>";
		};
/* End PBXVariantGroup section */

/* Begin XCBuildConfiguration section */
		3E37AF4229AD78A000F6B787 /* Debug */ = {
			isa = XCBuildConfiguration;
			buildSettings = {
				ALWAYS_SEARCH_USER_PATHS = NO;
				CLANG_ANALYZER_NONNULL = YES;
				CLANG_ANALYZER_NUMBER_OBJECT_CONVERSION = YES_AGGRESSIVE;
				CLANG_CXX_LANGUAGE_STANDARD = "gnu++14";
				CLANG_CXX_LIBRARY = "libc++";
				CLANG_ENABLE_MODULES = YES;
				CLANG_ENABLE_OBJC_ARC = YES;
				CLANG_ENABLE_OBJC_WEAK = YES;
				CLANG_WARN_BLOCK_CAPTURE_AUTORELEASING = YES;
				CLANG_WARN_BOOL_CONVERSION = YES;
				CLANG_WARN_COMMA = YES;
				CLANG_WARN_CONSTANT_CONVERSION = YES;
				CLANG_WARN_DEPRECATED_OBJC_IMPLEMENTATIONS = YES;
				CLANG_WARN_DIRECT_OBJC_ISA_USAGE = YES_ERROR;
				CLANG_WARN_DOCUMENTATION_COMMENTS = YES;
				CLANG_WARN_EMPTY_BODY = YES;
				CLANG_WARN_ENUM_CONVERSION = YES;
				CLANG_WARN_INFINITE_RECURSION = YES;
				CLANG_WARN_INT_CONVERSION = YES;
				CLANG_WARN_NON_LITERAL_NULL_CONVERSION = YES;
				CLANG_WARN_OBJC_IMPLICIT_RETAIN_SELF = YES;
				CLANG_WARN_OBJC_LITERAL_CONVERSION = YES;
				CLANG_WARN_OBJC_ROOT_CLASS = YES_ERROR;
				CLANG_WARN_QUOTED_INCLUDE_IN_FRAMEWORK_HEADER = YES;
				CLANG_WARN_RANGE_LOOP_ANALYSIS = YES;
				CLANG_WARN_STRICT_PROTOTYPES = YES;
				CLANG_WARN_SUSPICIOUS_MOVE = YES;
				CLANG_WARN_UNGUARDED_AVAILABILITY = YES_AGGRESSIVE;
				CLANG_WARN_UNREACHABLE_CODE = YES;
				CLANG_WARN__DUPLICATE_METHOD_MATCH = YES;
				COPY_PHASE_STRIP = NO;
				DEBUG_INFORMATION_FORMAT = dwarf;
				ENABLE_STRICT_OBJC_MSGSEND = YES;
				ENABLE_TESTABILITY = YES;
				GCC_C_LANGUAGE_STANDARD = gnu11;
				GCC_DYNAMIC_NO_PIC = NO;
				GCC_NO_COMMON_BLOCKS = YES;
				GCC_OPTIMIZATION_LEVEL = 0;
				GCC_PREPROCESSOR_DEFINITIONS = (
					"DEBUG=1",
					"$(inherited)",
				);
				GCC_WARN_64_TO_32_BIT_CONVERSION = YES;
				GCC_WARN_ABOUT_RETURN_TYPE = YES_ERROR;
				GCC_WARN_UNDECLARED_SELECTOR = YES;
				GCC_WARN_UNINITIALIZED_AUTOS = YES_AGGRESSIVE;
				GCC_WARN_UNUSED_FUNCTION = YES;
				GCC_WARN_UNUSED_VARIABLE = YES;
				IPHONEOS_DEPLOYMENT_TARGET = 14.2;
				MTL_ENABLE_DEBUG_INFO = INCLUDE_SOURCE;
				MTL_FAST_MATH = YES;
				ONLY_ACTIVE_ARCH = YES;
				SDKROOT = iphoneos;
				SWIFT_ACTIVE_COMPILATION_CONDITIONS = DEBUG;
				SWIFT_OPTIMIZATION_LEVEL = "-Onone";
			};
			name = Debug;
		};
		3E37AF4329AD78A000F6B787 /* Release */ = {
			isa = XCBuildConfiguration;
			buildSettings = {
				ALWAYS_SEARCH_USER_PATHS = NO;
				CLANG_ANALYZER_NONNULL = YES;
				CLANG_ANALYZER_NUMBER_OBJECT_CONVERSION = YES_AGGRESSIVE;
				CLANG_CXX_LANGUAGE_STANDARD = "gnu++14";
				CLANG_CXX_LIBRARY = "libc++";
				CLANG_ENABLE_MODULES = YES;
				CLANG_ENABLE_OBJC_ARC = YES;
				CLANG_ENABLE_OBJC_WEAK = YES;
				CLANG_WARN_BLOCK_CAPTURE_AUTORELEASING = YES;
				CLANG_WARN_BOOL_CONVERSION = YES;
				CLANG_WARN_COMMA = YES;
				CLANG_WARN_CONSTANT_CONVERSION = YES;
				CLANG_WARN_DEPRECATED_OBJC_IMPLEMENTATIONS = YES;
				CLANG_WARN_DIRECT_OBJC_ISA_USAGE = YES_ERROR;
				CLANG_WARN_DOCUMENTATION_COMMENTS = YES;
				CLANG_WARN_EMPTY_BODY = YES;
				CLANG_WARN_ENUM_CONVERSION = YES;
				CLANG_WARN_INFINITE_RECURSION = YES;
				CLANG_WARN_INT_CONVERSION = YES;
				CLANG_WARN_NON_LITERAL_NULL_CONVERSION = YES;
				CLANG_WARN_OBJC_IMPLICIT_RETAIN_SELF = YES;
				CLANG_WARN_OBJC_LITERAL_CONVERSION = YES;
				CLANG_WARN_OBJC_ROOT_CLASS = YES_ERROR;
				CLANG_WARN_QUOTED_INCLUDE_IN_FRAMEWORK_HEADER = YES;
				CLANG_WARN_RANGE_LOOP_ANALYSIS = YES;
				CLANG_WARN_STRICT_PROTOTYPES = YES;
				CLANG_WARN_SUSPICIOUS_MOVE = YES;
				CLANG_WARN_UNGUARDED_AVAILABILITY = YES_AGGRESSIVE;
				CLANG_WARN_UNREACHABLE_CODE = YES;
				CLANG_WARN__DUPLICATE_METHOD_MATCH = YES;
				COPY_PHASE_STRIP = NO;
				DEBUG_INFORMATION_FORMAT = "dwarf-with-dsym";
				ENABLE_NS_ASSERTIONS = NO;
				ENABLE_STRICT_OBJC_MSGSEND = YES;
				GCC_C_LANGUAGE_STANDARD = gnu11;
				GCC_NO_COMMON_BLOCKS = YES;
				GCC_WARN_64_TO_32_BIT_CONVERSION = YES;
				GCC_WARN_ABOUT_RETURN_TYPE = YES_ERROR;
				GCC_WARN_UNDECLARED_SELECTOR = YES;
				GCC_WARN_UNINITIALIZED_AUTOS = YES_AGGRESSIVE;
				GCC_WARN_UNUSED_FUNCTION = YES;
				GCC_WARN_UNUSED_VARIABLE = YES;
				IPHONEOS_DEPLOYMENT_TARGET = 14.2;
				MTL_ENABLE_DEBUG_INFO = NO;
				MTL_FAST_MATH = YES;
				SDKROOT = iphoneos;
				SWIFT_COMPILATION_MODE = wholemodule;
				SWIFT_OPTIMIZATION_LEVEL = "-O";
				VALIDATE_PRODUCT = YES;
			};
			name = Release;
		};
		3E37AF4529AD78A000F6B787 /* Debug */ = {
			isa = XCBuildConfiguration;
			buildSettings = {
				ASSETCATALOG_COMPILER_APPICON_NAME = AppIcon;
				ASSETCATALOG_COMPILER_GLOBAL_ACCENT_COLOR_NAME = AccentColor;
				CODE_SIGN_STYLE = Automatic;
				DEVELOPMENT_TEAM = 3KNG2F4XC7;
				INFOPLIST_FILE = "The cats app/Info.plist";
				LD_RUNPATH_SEARCH_PATHS = (
					"$(inherited)",
					"@executable_path/Frameworks",
				);
				PRODUCT_BUNDLE_IDENTIFIER = "com.lina.The-cats-app";
				PRODUCT_NAME = "$(TARGET_NAME)";
				SWIFT_VERSION = 5.0;
				TARGETED_DEVICE_FAMILY = "1,2";
			};
			name = Debug;
		};
		3E37AF4629AD78A000F6B787 /* Release */ = {
			isa = XCBuildConfiguration;
			buildSettings = {
				ASSETCATALOG_COMPILER_APPICON_NAME = AppIcon;
				ASSETCATALOG_COMPILER_GLOBAL_ACCENT_COLOR_NAME = AccentColor;
				CODE_SIGN_STYLE = Automatic;
				DEVELOPMENT_TEAM = 3KNG2F4XC7;
				INFOPLIST_FILE = "The cats app/Info.plist";
				LD_RUNPATH_SEARCH_PATHS = (
					"$(inherited)",
					"@executable_path/Frameworks",
				);
				PRODUCT_BUNDLE_IDENTIFIER = "com.lina.The-cats-app";
				PRODUCT_NAME = "$(TARGET_NAME)";
				SWIFT_VERSION = 5.0;
				TARGETED_DEVICE_FAMILY = "1,2";
			};
			name = Release;
		};
/* End XCBuildConfiguration section */

/* Begin XCConfigurationList section */
		3E37AF2B29AD789D00F6B787 /* Build configuration list for PBXProject "The cats app" */ = {
			isa = XCConfigurationList;
			buildConfigurations = (
				3E37AF4229AD78A000F6B787 /* Debug */,
				3E37AF4329AD78A000F6B787 /* Release */,
			);
			defaultConfigurationIsVisible = 0;
			defaultConfigurationName = Release;
		};
		3E37AF4429AD78A000F6B787 /* Build configuration list for PBXNativeTarget "The cats app" */ = {
			isa = XCConfigurationList;
			buildConfigurations = (
				3E37AF4529AD78A000F6B787 /* Debug */,
				3E37AF4629AD78A000F6B787 /* Release */,
			);
			defaultConfigurationIsVisible = 0;
			defaultConfigurationName = Release;
		};
/* End XCConfigurationList section */
	};
	rootObject = 3E37AF2829AD789D00F6B787 /* Project object */;
}
